{
  "version": "3",
  "remote": {
    "https://deno.land/std@0.222.1/assert/_constants.ts": "a271e8ef5a573f1df8e822a6eb9d09df064ad66a4390f21b3e31f820a38e0975",
    "https://deno.land/std@0.222.1/assert/_diff.ts": "4bf42969aa8b1a33aaf23eb8e478b011bfaa31b82d85d2ff4b5c4662d8780d2b",
    "https://deno.land/std@0.222.1/assert/_format.ts": "0ba808961bf678437fb486b56405b6fefad2cf87b5809667c781ddee8c32aff4",
    "https://deno.land/std@0.222.1/assert/assert.ts": "09d30564c09de846855b7b071e62b5974b001bb72a4b797958fe0660e7849834",
    "https://deno.land/std@0.222.1/assert/assert_almost_equals.ts": "9e416114322012c9a21fa68e187637ce2d7df25bcbdbfd957cd639e65d3cf293",
    "https://deno.land/std@0.222.1/assert/assert_array_includes.ts": "167b2c29997defd49a1835de52b54ae3cbb2bcba52df7c7ee45fe64b473264f1",
    "https://deno.land/std@0.222.1/assert/assert_equals.ts": "cc1f4b0ff4ad511e69f965535b56a6cdbbbc0f086bf376e0243214df6039c883",
    "https://deno.land/std@0.222.1/assert/assert_exists.ts": "43420cf7f956748ae6ed1230646567b3593cb7a36c5a5327269279c870c5ddfd",
    "https://deno.land/std@0.222.1/assert/assert_false.ts": "3e9be8e33275db00d952e9acb0cd29481a44fa0a4af6d37239ff58d79e8edeff",
    "https://deno.land/std@0.222.1/assert/assert_greater.ts": "26903fc7170a9eb37ee6c6606c772b5a0465a85e719cfe46f57de35555931419",
    "https://deno.land/std@0.222.1/assert/assert_greater_or_equal.ts": "10527cf379a71a55a88b96d9b3373d0346ea2bdd8d73d2faaab1224e2cedb727",
    "https://deno.land/std@0.222.1/assert/assert_instance_of.ts": "e22343c1fdcacfaea8f37784ad782683ec1cf599ae9b1b618954e9c22f376f2c",
    "https://deno.land/std@0.222.1/assert/assert_is_error.ts": "f856b3bc978a7aa6a601f3fec6603491ab6255118afa6baa84b04426dd3cc491",
    "https://deno.land/std@0.222.1/assert/assert_less.ts": "091f0cc80f53425be22b14c9b6ae410fea08e16eca391a476303c5f4852fcd9e",
    "https://deno.land/std@0.222.1/assert/assert_less_or_equal.ts": "9418b2f809023f778d58fd6834410814900eacb8a91708647970ae1085553813",
    "https://deno.land/std@0.222.1/assert/assert_match.ts": "ace1710dd3b2811c391946954234b5da910c5665aed817943d086d4d4871a8b7",
    "https://deno.land/std@0.222.1/assert/assert_not_equals.ts": "78d45dd46133d76ce624b2c6c09392f6110f0df9b73f911d20208a68dee2ef29",
    "https://deno.land/std@0.222.1/assert/assert_not_instance_of.ts": "3434a669b4d20cdcc5359779301a0588f941ffdc2ad68803c31eabdb4890cf7a",
    "https://deno.land/std@0.222.1/assert/assert_not_match.ts": "df30417240aa2d35b1ea44df7e541991348a063d9ee823430e0b58079a72242a",
    "https://deno.land/std@0.222.1/assert/assert_not_strict_equals.ts": "61e4adfd80eddaab5da5e5444431dfb19457f26b1f1e7a8be27c5d981b7f50b9",
    "https://deno.land/std@0.222.1/assert/assert_object_match.ts": "411450fd194fdaabc0089ae68f916b545a49d7b7e6d0026e84a54c9e7eed2693",
    "https://deno.land/std@0.222.1/assert/assert_rejects.ts": "4bee1d6d565a5b623146a14668da8f9eb1f026a4f338bbf92b37e43e0aa53c31",
    "https://deno.land/std@0.222.1/assert/assert_strict_equals.ts": "dbcdcb5b8b74e6c06bce6a9fa43ff4d1089793e7832baff251e514954b9b266b",
    "https://deno.land/std@0.222.1/assert/assert_string_includes.ts": "496b9ecad84deab72c8718735373feb6cdaa071eb91a98206f6f3cb4285e71b8",
    "https://deno.land/std@0.222.1/assert/assert_throws.ts": "c6508b2879d465898dab2798009299867e67c570d7d34c90a2d235e4553906eb",
    "https://deno.land/std@0.222.1/assert/assertion_error.ts": "ba8752bd27ebc51f723702fac2f54d3e94447598f54264a6653d6413738a8917",
    "https://deno.land/std@0.222.1/assert/equal.ts": "bddf07bb5fc718e10bb72d5dc2c36c1ce5a8bdd3b647069b6319e07af181ac47",
    "https://deno.land/std@0.222.1/assert/fail.ts": "0eba674ffb47dff083f02ced76d5130460bff1a9a68c6514ebe0cdea4abadb68",
    "https://deno.land/std@0.222.1/assert/mod.ts": "48b8cb8a619ea0b7958ad7ee9376500fe902284bb36f0e32c598c3dc34cbd6f3",
    "https://deno.land/std@0.222.1/assert/unimplemented.ts": "8c55a5793e9147b4f1ef68cd66496b7d5ba7a9e7ca30c6da070c1a58da723d73",
    "https://deno.land/std@0.222.1/assert/unreachable.ts": "5ae3dbf63ef988615b93eb08d395dda771c96546565f9e521ed86f6510c29e19",
    "https://deno.land/std@0.222.1/cli/parse_args.ts": "5250832fb7c544d9111e8a41ad272c016f5a53f975ef84d5a9fe5fcb70566ece",
    "https://deno.land/std@0.222.1/fmt/colors.ts": "d239d84620b921ea520125d778947881f62c50e78deef2657073840b8af9559a",
    "https://deno.land/std@0.222.1/yaml/_dumper/dumper.ts": "08b595b40841a2e1c75303f5096392323b6baf8e9662430a91e3b36fbe175fe9",
    "https://deno.land/std@0.222.1/yaml/_dumper/dumper_state.ts": "9e29f700ea876ed230b43f11fa006fcb1a62eedc1e27d32baaeaf3210f19f1e7",
    "https://deno.land/std@0.222.1/yaml/_error.ts": "f38cdebdb69cde16903d9aa2f3b8a3dd9d13e5f7f3570bf662bfaca69fef669e",
    "https://deno.land/std@0.222.1/yaml/_mark.ts": "61097a614857fcebf7b2ecad057916d74c90cd160117a33c9e74bac60457410a",
    "https://deno.land/std@0.222.1/yaml/_state.ts": "f3b1c1fd11860302f1f33e35e9ce089bf069d4943e8d67516cd6bedbba058c13",
    "https://deno.land/std@0.222.1/yaml/_type/binary.ts": "f1a6e1d83dcc52b21cc3639cd98be44051cfc54065cc4f2a42065bce07ebc07d",
    "https://deno.land/std@0.222.1/yaml/_type/bool.ts": "121743b23ba82a27ad6a3ec6298c7f5b0908f90e52707f8644a91f7ad51ed2ef",
    "https://deno.land/std@0.222.1/yaml/_type/float.ts": "c5ed84b0aec1ec5dc05f6abfaaff672e8890d4d44a42120b4445c9754fca4eba",
    "https://deno.land/std@0.222.1/yaml/_type/function.ts": "bbf705058942bf3370604b37eb77a10aadd72f986c237c9f69b43378a42202c1",
    "https://deno.land/std@0.222.1/yaml/_type/int.ts": "c2dc88438a60fccc8d2226042bd18b9967753adaf6bd145feb8b99d567e432ce",
    "https://deno.land/std@0.222.1/yaml/_type/map.ts": "ae2acb1cb837fb8e96c75c98611cfd45af847d0114ab5336333c318e7d4b12f4",
    "https://deno.land/std@0.222.1/yaml/_type/merge.ts": "ad0d971f91d2fb9f4ab3eba0c837eae357b1804d6b798adc99dc917bc5306b11",
    "https://deno.land/std@0.222.1/yaml/_type/mod.ts": "e8929d7b1c969a74f76338d4eb380ef8c4a26cd6441117d521f076b766e9c265",
    "https://deno.land/std@0.222.1/yaml/_type/nil.ts": "cbe4387d02d5933322c21b25d8955c5e6228c492e391a6fb82dcf4f498cc421c",
    "https://deno.land/std@0.222.1/yaml/_type/omap.ts": "cda915105ab22ba9e1d6317adacee8eec2d8ddaf864cc2f814e3e476946e72c6",
    "https://deno.land/std@0.222.1/yaml/_type/pairs.ts": "dd39bb44c1b9abaf6172c63f73350475933151f07e05253b81f7860c9b507177",
    "https://deno.land/std@0.222.1/yaml/_type/regexp.ts": "e49eb9e1c9356fd142bc15f7f323820d411fcc537b5ba3896df9a8b812d270a4",
    "https://deno.land/std@0.222.1/yaml/_type/seq.ts": "2deffc7f970869bc01a1541b4961d076329a1c2b30b95e07918f3132db7c3fe2",
    "https://deno.land/std@0.222.1/yaml/_type/set.ts": "be8a9e7237a7ffc92dfbe7f5e552d84b7eeba60f3f73cc77fc3c59d3506c74ea",
    "https://deno.land/std@0.222.1/yaml/_type/str.ts": "88f0a1ba12295520cd57e96cd78d53aa0787d53c7a1c506155f418c496c2f550",
    "https://deno.land/std@0.222.1/yaml/_type/timestamp.ts": "277a41a40fb93c3b2b3f5c373bf11b0b7856cc6a7b919e8ea130755e4029edc5",
    "https://deno.land/std@0.222.1/yaml/_type/undefined.ts": "9d215953c65740f1764e0bdca021007573473f0c49e087f00d9ff02817ecfc97",
    "https://deno.land/std@0.222.1/yaml/_utils.ts": "91bbe28b5e7000b9594e40ff5353f8fe7a7ba914eec917e1202cbaf5ac931c58",
    "https://deno.land/std@0.222.1/yaml/schema.ts": "a0f7956d997852b5d1c6564bd73eb7352175cfba439707ac819b65b5a2ec173a",
    "https://deno.land/std@0.222.1/yaml/schema/core.ts": "2b15086a0524f6c22d69474760946718ce28cc77f45f25066d1d5022c5a30445",
    "https://deno.land/std@0.222.1/yaml/schema/default.ts": "8affc97a02d686ca421419c11ff4c74764d8d0b74b9eee83bc965654c6c45ccf",
    "https://deno.land/std@0.222.1/yaml/schema/extended.ts": "3017d6c9556f9e6ad152cb9fb6ba209d4690cfb143d55f8fadb1174b152a2a0a",
    "https://deno.land/std@0.222.1/yaml/schema/failsafe.ts": "35d79a203c1ead1790c37967358c02500826b3623139efcc9a0dd172b3817a21",
    "https://deno.land/std@0.222.1/yaml/schema/json.ts": "d793ad5d1a5e0463aa58a2de8333d8a1a16284752b7f36ead701da0378d1730a",
    "https://deno.land/std@0.222.1/yaml/schema/mod.ts": "0e1558a4823834f106675e48ddc15338e04f6f18469d1a7d6b3f0e1ab06abcb2",
    "https://deno.land/std@0.222.1/yaml/stringify.ts": "f0ed4e419cb40c807cf79ae4039d6cdf492be9a947121fff4d4b7cd1d4738bae",
    "https://deno.land/std@0.222.1/yaml/type.ts": "708dde5f20b01cc1096489b7155b6af79a217d585afb841128e78c3c2391eb5c"
  }
}
